%{
  "bunch": {:hex, :bunch, "1.6.1", "5393d827a64d5f846092703441ea50e65bc09f37fd8e320878f13e63d410aec7", [:mix], [], "hexpm", "286cc3add551628b30605efbe2fca4e38cc1bea89bcd0a1a7226920b3364fe4a"},
  "coerce": {:hex, :coerce, "1.0.2", "5ef791040c92baaa5dd344887563faaeac6e6742573a167493294f8af3672bbe", [:mix], [], "hexpm", "0b3451c729571234fdac478636c298e71d1f2ce1243abed5fa43fa3181b980eb"},
  "earmark_parser": {:hex, :earmark_parser, "1.4.46", "67607a0532e810c6f630a515c548d0b24949643f168cc556303bee4cf96105c7", [:mix], [], "hexpm", "9c44636e8a1c68c62f526b2dcd85d941dbbcee7ab82cf64ba06ce28bef8e89f5"},
  "ex_doc": {:hex, :ex_doc, "0.40.4", "66f2e42bf588594d5a8aab31cad87f2ddad09d0da1b1a2f379340ec2c2e497cb", [:mix], [{:earmark_parser, "~> 1.4.46", [hex: :earmark_parser, repo: "hexpm", optional: false]}, {:makeup_c, ">= 0.1.0", [hex: :makeup_c, repo: "hexpm", optional: true]}, {:makeup_elixir, "~> 0.14 or ~> 1.0", [hex: :makeup_elixir, repo: "hexpm", optional: false]}, {:makeup_erlang, "~> 0.1 or ~> 1.0", [hex: :makeup_erlang, repo: "hexpm", optional: false]}, {:makeup_html, ">= 0.1.0", [hex: :makeup_html, repo: "hexpm", optional: true]}], "hexpm", "6222b9e423d76584ee34df2c82a5ed72c2d53dc153f7f483ad28b378694186cc"},
  "jason": {:hex, :jason, "1.4.5", "2e3a008590b0b8d7388c20293e9dcc9cf3e5d642fd2a114e4cbbb52e595d940a", [:mix], [{:decimal, "~> 1.0 or ~> 2.0 or ~> 3.0", [hex: :decimal, repo: "hexpm", optional: true]}], "hexpm", "b0c823996102bcd0239b3c2444eb00409b72f6a140c1950bc8b457d836b30684"},
  "makeup": {:hex, :makeup, "1.2.2", "882d46dc0905e9ff7abf2aab61a7e6b3dcc555533977d8a23b06019e6c89ac94", [:mix], [{:nimble_parsec, "~> 1.4", [hex: :nimble_parsec, repo: "hexpm", optional: false]}], "hexpm", "9a1a24e5b343b8ae16abea0822c10a6f75da27af7fa802ada5251f7579bfccfa"},
  "makeup_elixir": {:hex, :makeup_elixir, "1.0.1", "e928a4f984e795e41e3abd27bfc09f51db16ab8ba1aebdba2b3a575437efafc2", [:mix], [{:makeup, "~> 1.0", [hex: :makeup, repo: "hexpm", optional: false]}, {:nimble_parsec, "~> 1.2.3 or ~> 1.3", [hex: :nimble_parsec, repo: "hexpm", optional: false]}], "hexpm", "7284900d412a3e5cfd97fdaed4f5ed389b8f2b4cb49efc0eb3bd10e2febf9507"},
  "makeup_erlang": {:hex, :makeup_erlang, "1.1.0", "835f7e60792e08824cda445639555d7bf1bbbddb1b60b306e33cb6f6db24dc74", [:mix], [{:makeup, "~> 1.0", [hex: :makeup, repo: "hexpm", optional: false]}], "hexpm", "1cd6780fb1dd1a03979abaed0fe82712b0625118fd5257d3ebbf73f960c73c3c"},
  "membrane_core": {:hex, :membrane_core, "1.2.4", "3f9fc78cef29b69acadd4f959c8ec23cbb1544c26c8e8474589b143ada9a0da2", [:mix], [{:bunch, "~> 1.6", [hex: :bunch, repo: "hexpm", optional: false]}, {:qex, "~> 0.3", [hex: :qex, repo: "hexpm", optional: false]}, {:ratio, "~> 3.0 or ~> 4.0", [hex: :ratio, repo: "hexpm", optional: false]}, {:telemetry, "~> 1.0", [hex: :telemetry, repo: "hexpm", optional: false]}], "hexpm", "ec7a77b7ab457267c0243338383365f6ef5ace2686ddc129939e502a58eba546"},
  "membrane_h264_format": {:hex, :membrane_h264_format, "0.7.0", "f419226c0dff6bf2b0d50ee7c4fa69a904a5649177566e25d0042ee746e79660", [:mix], [], "hexpm", "70de1702f19cc764f5df5f5bba1dc7fbff11dac72e48e4d543cce40b690e8805"},
  "membrane_h265_format": {:hex, :membrane_h265_format, "0.2.0", "1903c072cf7b0980c4d0c117ab61a2cd33e88782b696290de29570a7fab34819", [:mix], [], "hexpm", "6df418bdf242c0d9f7dbf2e5aea4c2d182e34ac9ad5a8b8cef2610c290002e83"},
  "membrane_raw_video_format": {:hex, :membrane_raw_video_format, "0.4.1", "d7344499c2d80f236a7ef962b5490c651341a501052ee43dec56cf0319fa3936", [:mix], [], "hexpm", "9920b7d445b5357608a364fec5685acdfce85334c647f745045237a0d296c442"},
  "nimble_parsec": {:hex, :nimble_parsec, "1.4.2", "8efba0122db06df95bfaa78f791344a89352ba04baedd3849593bfce4d0dc1c6", [:mix], [], "hexpm", "4b21398942dda052b403bbe1da991ccd03a053668d147d53fb8c4e0efe09c973"},
  "numbers": {:hex, :numbers, "5.2.5", "47189ba1c0e634f851a76281a2bb7be1914c48498eb1289d16cd50b6c713b436", [:mix], [{:coerce, "~> 1.0.2", [hex: :coerce, repo: "hexpm", optional: false]}, {:decimal, "~> 3.0", [hex: :decimal, repo: "hexpm", optional: true]}], "hexpm", "724563c5b9ed1adccea08b2938215a026aa4344d7506e6b9c75f60d8e2fc9463"},
  "qex": {:hex, :qex, "0.5.1", "0d82c0f008551d24fffb99d97f8299afcb8ea9cf99582b770bd004ed5af63fd6", [:mix], [], "hexpm", "935a39fdaf2445834b95951456559e9dc2063d0a055742c558a99987b38d6bab"},
  "ratio": {:hex, :ratio, "4.0.1", "3044166f2fc6890aa53d3aef0c336f84b2bebb889dc57d5f95cc540daa1912f8", [:mix], [{:decimal, "~> 1.6 or ~> 2.0", [hex: :decimal, repo: "hexpm", optional: true]}, {:numbers, "~> 5.2.0", [hex: :numbers, repo: "hexpm", optional: false]}], "hexpm", "c60cbb3ccdff9ffa56e7d6d1654b5c70d9f90f4d753ab3a43a6bf40855b881ce"},
  "rustler": {:hex, :rustler, "0.38.0", "7a8906998ff0d28e3021c0a73264abcda719bda344b2e58307c6805b0f87c9b4", [:mix], [{:jason, "~> 1.0", [hex: :jason, repo: "hexpm", optional: false]}], "hexpm", "704c03c1bf66be12b031c5a389347b91c81c5cb819a24b068b0de36fe4a5652a"},
  "telemetry": {:hex, :telemetry, "1.3.0", "fedebbae410d715cf8e7062c96a1ef32ec22e764197f70cda73d82778d61e7a2", [:rebar3], [], "hexpm", "7015fc8919dbe63764f4b4b87a95b7c0996bd539e0d499be6ec9d7f3875b79e6"},
  "video_interop": {:hex, :video_interop, "0.1.1", "9040c99f8244079243a0d912156aeec6b5be28aadc34862300d265b68f5f1745", [:mix], [], "hexpm", "89d99d90625d7f845fa508971130d508418852a06f2bbafad2e399e4697170c1"},
}
